
Microsoft Visual Studio Solution File, Format Version 11.00
# Visual Studio 2010
Project("{FAE04EC0-301F-11D3-BF4B-00C04F79EFBC}") = "Assembly-CSharp", "Assembly-CSharp.csproj", "{84827d02-7603-97ac-9f7c-06627c3de677}"
EndProject
Project("{FAE04EC0-301F-11D3-BF4B-00C04F79EFBC}") = "Assembly-CSharp-Editor", "Assembly-CSharp-Editor.csproj", "{5ec26f0a-1e03-746f-f754-c9a6bfd90320}"
EndProject
Global
	GlobalSection(SolutionConfigurationPlatforms) = preSolution
		Debug|Any CPU = Debug|Any CPU
	EndGlobalSection
	GlobalSection(ProjectConfigurationPlatforms) = postSolution
		{84827d02-7603-97ac-9f7c-06627c3de677}.Debug|Any CPU.ActiveCfg = Debug|Any CPU
		{84827d02-7603-97ac-9f7c-06627c3de677}.Debug|Any CPU.Build.0 = Debug|Any CPU
		{5ec26f0a-1e03-746f-f754-c9a6bfd90320}.Debug|Any CPU.ActiveCfg = Debug|Any CPU
		{5ec26f0a-1e03-746f-f754-c9a6bfd90320}.Debug|Any CPU.Build.0 = Debug|Any CPU
	EndGlobalSection
	GlobalSection(SolutionProperties) = preSolution
		HideSolutionNode = FALSE
	EndGlobalSection
EndGlobal
